version: 2.0
shards:
  crystal_scientific_library:
    git: https://github.com/grainedepomme/crystal_scientific_library.git
    version: 0.1.0+git.commit.6d61eb1cffa3940fc3d01d4ba34445022cc96b20

  physical_constants:
    git: https://github.com/grainedepomme/physical_constants.git
    version: 0.1.0+git.commit.b4a53ffd07b60a512d3e1ce671dee74ab8be6e95

