version: 2.0
shards:
  crystal_scientific_library:
    git: https://github.com/grainedepomme/crystal_scientific_library.git
    version: 0.1.0+git.commit.6d61eb1cffa3940fc3d01d4ba34445022cc96b20

  physical_constants:
    git: https://github.com/grainedepomme/physical_constants.git
    version: 0.1.0+git.commit.2561293f0bc69e85d7a1d28335c2afc12f45e150

